// !$*UTF8*$!
{
	archiveVersion = 1;
	classes = {
	};
	objectVersion = 56;
	objects = {

/* Begin PBXBuildFile section */
		F51349872C2EA01D006FE6AE /* TestTaskApp.swift in Sources */ = {isa = PBXBuildFile; fileRef = F51349862C2EA01D006FE6AE /* TestTaskApp.swift */; };
		F51349892C2EA01D006FE6AE /* FlightListView.swift in Sources */ = {isa = PBXBuildFile; fileRef = F51349882C2EA01D006FE6AE /* FlightListView.swift */; };
		F513498B2C2EA01E006FE6AE /* Assets.xcassets in Resources */ = {isa = PBXBuildFile; fileRef = F513498A2C2EA01E006FE6AE /* Assets.xcassets */; };
		F513498E2C2EA01E006FE6AE /* Preview Assets.xcassets in Resources */ = {isa = PBXBuildFile; fileRef = F513498D2C2EA01E006FE6AE /* Preview Assets.xcassets */; };
		F51349982C2EA01E006FE6AE /* TestTaskTests.swift in Sources */ = {isa = PBXBuildFile; fileRef = F51349972C2EA01E006FE6AE /* TestTaskTests.swift */; };
		F51349A22C2EA01E006FE6AE /* TestTaskUITests.swift in Sources */ = {isa = PBXBuildFile; fileRef = F51349A12C2EA01E006FE6AE /* TestTaskUITests.swift */; };
		F51349A42C2EA01E006FE6AE /* TestTaskUITestsLaunchTests.swift in Sources */ = {isa = PBXBuildFile; fileRef = F51349A32C2EA01E006FE6AE /* TestTaskUITestsLaunchTests.swift */; };
		F51349B12C2EA03D006FE6AE /* FlightListViewModel.swift in Sources */ = {isa = PBXBuildFile; fileRef = F51349B02C2EA03D006FE6AE /* FlightListViewModel.swift */; };
		F51349B42C2EB994006FE6AE /* SimpleTextView.swift in Sources */ = {isa = PBXBuildFile; fileRef = F51349B32C2EB994006FE6AE /* SimpleTextView.swift */; };
		F51349B62C2EBAA4006FE6AE /* SimpleButton.swift in Sources */ = {isa = PBXBuildFile; fileRef = F51349B52C2EBAA4006FE6AE /* SimpleButton.swift */; };
		F51349B82C2EBD1B006FE6AE /* L10n.swift in Sources */ = {isa = PBXBuildFile; fileRef = F51349B72C2EBD1B006FE6AE /* L10n.swift */; };
		F51349BA2C2EBE5E006FE6AE /* Flight.swift in Sources */ = {isa = PBXBuildFile; fileRef = F51349B92C2EBE5E006FE6AE /* Flight.swift */; };
		F51349BC2C2EBEFD006FE6AE /* FlightsService.swift in Sources */ = {isa = PBXBuildFile; fileRef = F51349BB2C2EBEFD006FE6AE /* FlightsService.swift */; };
		F51349BE2C2EBF1D006FE6AE /* FlightViewModel.swift in Sources */ = {isa = PBXBuildFile; fileRef = F51349BD2C2EBF1D006FE6AE /* FlightViewModel.swift */; };
		F51349C02C2EBF53006FE6AE /* FlightRowView.swift in Sources */ = {isa = PBXBuildFile; fileRef = F51349BF2C2EBF53006FE6AE /* FlightRowView.swift */; };
		F5D703812C34AAAC005D9BDB /* FlightListViewModelWrapper.swift in Sources */ = {isa = PBXBuildFile; fileRef = F5D703802C34AAAC005D9BDB /* FlightListViewModelWrapper.swift */; };
		F5D703832C34AFCF005D9BDB /* FlightListViewContainer.swift in Sources */ = {isa = PBXBuildFile; fileRef = F5D703822C34AFCF005D9BDB /* FlightListViewContainer.swift */; };
		F5D703852C34C21E005D9BDB /* MockFlightsService.swift in Sources */ = {isa = PBXBuildFile; fileRef = F5D703842C34C21E005D9BDB /* MockFlightsService.swift */; };
		F5D703872C34C2BC005D9BDB /* FlightListViewModelTests.swift in Sources */ = {isa = PBXBuildFile; fileRef = F5D703862C34C2BC005D9BDB /* FlightListViewModelTests.swift */; };
		F5D703892C3547BF005D9BDB /* FlightListViewModelWrapperTests.swift in Sources */ = {isa = PBXBuildFile; fileRef = F5D703882C3547BF005D9BDB /* FlightListViewModelWrapperTests.swift */; };
/* End PBXBuildFile section */

/* Begin PBXContainerItemProxy section */
		F51349942C2EA01E006FE6AE /* PBXContainerItemProxy */ = {
			isa = PBXContainerItemProxy;
			containerPortal = F513497B2C2EA01D006FE6AE /* Project object */;
			proxyType = 1;
			remoteGlobalIDString = F51349822C2EA01D006FE6AE;
			remoteInfo = TestTask;
		};
		F513499E2C2EA01E006FE6AE /* PBXContainerItemProxy */ = {
			isa = PBXContainerItemProxy;
			containerPortal = F513497B2C2EA01D006FE6AE /* Project object */;
			proxyType = 1;
			remoteGlobalIDString = F51349822C2EA01D006FE6AE;
			remoteInfo = TestTask;
		};
/* End PBXContainerItemProxy section */

/* Begin PBXFileReference section */
		F51349832C2EA01D006FE6AE /* TestTask.app */ = {isa = PBXFileReference; explicitFileType = wrapper.application; includeInIndex = 0; path = TestTask.app; sourceTree = BUILT_PRODUCTS_DIR; };
		F51349862C2EA01D006FE6AE /* TestTaskApp.swift */ = {isa = PBXFileReference; lastKnownFileType = sourcecode.swift; path = TestTaskApp.swift; sourceTree = "<group>"; };
		F51349882C2EA01D006FE6AE /* FlightListView.swift */ = {isa = PBXFileReference; lastKnownFileType = sourcecode.swift; path = FlightListView.swift; sourceTree = "<group>"; };
		F513498A2C2EA01E006FE6AE /* Assets.xcassets */ = {isa = PBXFileReference; lastKnownFileType = folder.assetcatalog; path = Assets.xcassets; sourceTree = "<group>"; };
		F513498D2C2EA01E006FE6AE /* Preview Assets.xcassets */ = {isa = PBXFileReference; lastKnownFileType = folder.assetcatalog; path = "Preview Assets.xcassets"; sourceTree = "<group>"; };
		F51349932C2EA01E006FE6AE /* TestTaskTests.xctest */ = {isa = PBXFileReference; explicitFileType = wrapper.cfbundle; includeInIndex = 0; path = TestTaskTests.xctest; sourceTree = BUILT_PRODUCTS_DIR; };
		F51349972C2EA01E006FE6AE /* TestTaskTests.swift */ = {isa = PBXFileReference; lastKnownFileType = sourcecode.swift; path = TestTaskTests.swift; sourceTree = "<group>"; };
		F513499D2C2EA01E006FE6AE /* TestTaskUITests.xctest */ = {isa = PBXFileReference; explicitFileType = wrapper.cfbundle; includeInIndex = 0; path = TestTaskUITests.xctest; sourceTree = BUILT_PRODUCTS_DIR; };
		F51349A12C2EA01E006FE6AE /* TestTaskUITests.swift */ = {isa = PBXFileReference; lastKnownFileType = sourcecode.swift; path = TestTaskUITests.swift; sourceTree = "<group>"; };
		F51349A32C2EA01E006FE6AE /* TestTaskUITestsLaunchTests.swift */ = {isa = PBXFileReference; lastKnownFileType = sourcecode.swift; path = TestTaskUITestsLaunchTests.swift; sourceTree = "<group>"; };
		F51349B02C2EA03D006FE6AE /* FlightListViewModel.swift */ = {isa = PBXFileReference; lastKnownFileType = sourcecode.swift; path = FlightListViewModel.swift; sourceTree = "<group>"; };
		F51349B32C2EB994006FE6AE /* SimpleTextView.swift */ = {isa = PBXFileReference; lastKnownFileType = sourcecode.swift; path = SimpleTextView.swift; sourceTree = "<group>"; };
		F51349B52C2EBAA4006FE6AE /* SimpleButton.swift */ = {isa = PBXFileReference; lastKnownFileType = sourcecode.swift; path = SimpleButton.swift; sourceTree = "<group>"; };
		F51349B72C2EBD1B006FE6AE /* L10n.swift */ = {isa = PBXFileReference; lastKnownFileType = sourcecode.swift; path = L10n.swift; sourceTree = "<group>"; };
		F51349B92C2EBE5E006FE6AE /* Flight.swift */ = {isa = PBXFileReference; lastKnownFileType = sourcecode.swift; path = Flight.swift; sourceTree = "<group>"; };
		F51349BB2C2EBEFD006FE6AE /* FlightsService.swift */ = {isa = PBXFileReference; lastKnownFileType = sourcecode.swift; path = FlightsService.swift; sourceTree = "<group>"; };
		F51349BD2C2EBF1D006FE6AE /* FlightViewModel.swift */ = {isa = PBXFileReference; lastKnownFileType = sourcecode.swift; path = FlightViewModel.swift; sourceTree = "<group>"; };
		F51349BF2C2EBF53006FE6AE /* FlightRowView.swift */ = {isa = PBXFileReference; lastKnownFileType = sourcecode.swift; path = FlightRowView.swift; sourceTree = "<group>"; };
		F5D703802C34AAAC005D9BDB /* FlightListViewModelWrapper.swift */ = {isa = PBXFileReference; lastKnownFileType = sourcecode.swift; path = FlightListViewModelWrapper.swift; sourceTree = "<group>"; };
		F5D703822C34AFCF005D9BDB /* FlightListViewContainer.swift */ = {isa = PBXFileReference; lastKnownFileType = sourcecode.swift; path = FlightListViewContainer.swift; sourceTree = "<group>"; };
		F5D703842C34C21E005D9BDB /* MockFlightsService.swift */ = {isa = PBXFileReference; lastKnownFileType = sourcecode.swift; path = MockFlightsService.swift; sourceTree = "<group>"; };
		F5D703862C34C2BC005D9BDB /* FlightListViewModelTests.swift */ = {isa = PBXFileReference; lastKnownFileType = sourcecode.swift; path = FlightListViewModelTests.swift; sourceTree = "<group>"; };
		F5D703882C3547BF005D9BDB /* FlightListViewModelWrapperTests.swift */ = {isa = PBXFileReference; lastKnownFileType = sourcecode.swift; path = FlightListViewModelWrapperTests.swift; sourceTree = "<group>"; };
/* End PBXFileReference section */

/* Begin PBXFrameworksBuildPhase section */
		F51349802C2EA01D006FE6AE /* Frameworks */ = {
			isa = PBXFrameworksBuildPhase;
			buildActionMask = 2147483647;
			files = (
			);
			runOnlyForDeploymentPostprocessing = 0;
		};
		F51349902C2EA01E006FE6AE /* Frameworks */ = {
			isa = PBXFrameworksBuildPhase;
			buildActionMask = 2147483647;
			files = (
			);
			runOnlyForDeploymentPostprocessing = 0;
		};
		F513499A2C2EA01E006FE6AE /* Frameworks */ = {
			isa = PBXFrameworksBuildPhase;
			buildActionMask = 2147483647;
			files = (
			);
			runOnlyForDeploymentPostprocessing = 0;
		};
/* End PBXFrameworksBuildPhase section */

/* Begin PBXGroup section */
		F513497A2C2EA01D006FE6AE = {
			isa = PBXGroup;
			children = (
				F51349852C2EA01D006FE6AE /* TestTask */,
				F51349962C2EA01E006FE6AE /* TestTaskTests */,
				F51349A02C2EA01E006FE6AE /* TestTaskUITests */,
				F51349842C2EA01D006FE6AE /* Products */,
			);
			sourceTree = "<group>";
		};
		F51349842C2EA01D006FE6AE /* Products */ = {
			isa = PBXGroup;
			children = (
				F51349832C2EA01D006FE6AE /* TestTask.app */,
				F51349932C2EA01E006FE6AE /* TestTaskTests.xctest */,
				F513499D2C2EA01E006FE6AE /* TestTaskUITests.xctest */,
			);
			name = Products;
			sourceTree = "<group>";
		};
		F51349852C2EA01D006FE6AE /* TestTask */ = {
			isa = PBXGroup;
			children = (
				F51349C12C2EC168006FE6AE /* Models */,
				F51349862C2EA01D006FE6AE /* TestTaskApp.swift */,
				F5D703822C34AFCF005D9BDB /* FlightListViewContainer.swift */,
				F51349882C2EA01D006FE6AE /* FlightListView.swift */,
				F513498A2C2EA01E006FE6AE /* Assets.xcassets */,
				F513498C2C2EA01E006FE6AE /* Preview Content */,
				F51349B32C2EB994006FE6AE /* SimpleTextView.swift */,
				F51349B52C2EBAA4006FE6AE /* SimpleButton.swift */,
				F51349B72C2EBD1B006FE6AE /* L10n.swift */,
				F51349BB2C2EBEFD006FE6AE /* FlightsService.swift */,
				F51349BF2C2EBF53006FE6AE /* FlightRowView.swift */,
			);
			path = TestTask;
			sourceTree = "<group>";
		};
		F513498C2C2EA01E006FE6AE /* Preview Content */ = {
			isa = PBXGroup;
			children = (
				F513498D2C2EA01E006FE6AE /* Preview Assets.xcassets */,
			);
			path = "Preview Content";
			sourceTree = "<group>";
		};
		F51349962C2EA01E006FE6AE /* TestTaskTests */ = {
			isa = PBXGroup;
			children = (
				F51349972C2EA01E006FE6AE /* TestTaskTests.swift */,
				F5D703842C34C21E005D9BDB /* MockFlightsService.swift */,
				F5D703862C34C2BC005D9BDB /* FlightListViewModelTests.swift */,
				F5D703882C3547BF005D9BDB /* FlightListViewModelWrapperTests.swift */,
			);
			path = TestTaskTests;
			sourceTree = "<group>";
		};
		F51349A02C2EA01E006FE6AE /* TestTaskUITests */ = {
			isa = PBXGroup;
			children = (
				F51349A12C2EA01E006FE6AE /* TestTaskUITests.swift */,
				F51349A32C2EA01E006FE6AE /* TestTaskUITestsLaunchTests.swift */,
			);
			path = TestTaskUITests;
			sourceTree = "<group>";
		};
		F51349C12C2EC168006FE6AE /* Models */ = {
			isa = PBXGroup;
			children = (
				F5D7037F2C34AA8E005D9BDB /* Wrapper */,
				F51349B92C2EBE5E006FE6AE /* Flight.swift */,
				F51349B02C2EA03D006FE6AE /* FlightListViewModel.swift */,
				F51349BD2C2EBF1D006FE6AE /* FlightViewModel.swift */,
			);
			path = Models;
			sourceTree = "<group>";
		};
		F5D7037F2C34AA8E005D9BDB /* Wrapper */ = {
			isa = PBXGroup;
			children = (
				F5D703802C34AAAC005D9BDB /* FlightListViewModelWrapper.swift */,
			);
			path = Wrapper;
			sourceTree = "<group>";
		};
/* End PBXGroup section */

/* Begin PBXNativeTarget section */
		F51349822C2EA01D006FE6AE /* TestTask */ = {
			isa = PBXNativeTarget;
			buildConfigurationList = F51349A72C2EA01E006FE6AE /* Build configuration list for PBXNativeTarget "TestTask" */;
			buildPhases = (
				F513497F2C2EA01D006FE6AE /* Sources */,
				F51349802C2EA01D006FE6AE /* Frameworks */,
				F51349812C2EA01D006FE6AE /* Resources */,
			);
			buildRules = (
			);
			dependencies = (
			);
			name = TestTask;
			productName = TestTask;
			productReference = F51349832C2EA01D006FE6AE /* TestTask.app */;
			productType = "com.apple.product-type.application";
		};
		F51349922C2EA01E006FE6AE /* TestTaskTests */ = {
			isa = PBXNativeTarget;
			buildConfigurationList = F51349AA2C2EA01E006FE6AE /* Build configuration list for PBXNativeTarget "TestTaskTests" */;
			buildPhases = (
				F513498F2C2EA01E006FE6AE /* Sources */,
				F51349902C2EA01E006FE6AE /* Frameworks */,
				F51349912C2EA01E006FE6AE /* Resources */,
			);
			buildRules = (
			);
			dependencies = (
				F51349952C2EA01E006FE6AE /* PBXTargetDependency */,
			);
			name = TestTaskTests;
			productName = TestTaskTests;
			productReference = F51349932C2EA01E006FE6AE /* TestTaskTests.xctest */;
			productType = "com.apple.product-type.bundle.unit-test";
		};
		F513499C2C2EA01E006FE6AE /* TestTaskUITests */ = {
			isa = PBXNativeTarget;
			buildConfigurationList = F51349AD2C2EA01E006FE6AE /* Build configuration list for PBXNativeTarget "TestTaskUITests" */;
			buildPhases = (
				F51349992C2EA01E006FE6AE /* Sources */,
				F513499A2C2EA01E006FE6AE /* Frameworks */,
				F513499B2C2EA01E006FE6AE /* Resources */,
			);
			buildRules = (
			);
			dependencies = (
				F513499F2C2EA01E006FE6AE /* PBXTargetDependency */,
			);
			name = TestTaskUITests;
			productName = TestTaskUITests;
			productReference = F513499D2C2EA01E006FE6AE /* TestTaskUITests.xctest */;
			productType = "com.apple.product-type.bundle.ui-testing";
		};
/* End PBXNativeTarget section */

/* Begin PBXProject section */
		F513497B2C2EA01D006FE6AE /* Project object */ = {
			isa = PBXProject;
			attributes = {
				BuildIndependentTargetsInParallel = 1;
				LastSwiftUpdateCheck = 1540;
				LastUpgradeCheck = 1540;
				TargetAttributes = {
					F51349822C2EA01D006FE6AE = {
						CreatedOnToolsVersion = 15.4;
					};
					F51349922C2EA01E006FE6AE = {
						CreatedOnToolsVersion = 15.4;
						TestTargetID = F51349822C2EA01D006FE6AE;
					};
					F513499C2C2EA01E006FE6AE = {
						CreatedOnToolsVersion = 15.4;
						TestTargetID = F51349822C2EA01D006FE6AE;
					};
				};
			};
			buildConfigurationList = F513497E2C2EA01D006FE6AE /* Build configuration list for PBXProject "TestTask" */;
			compatibilityVersion = "Xcode 14.0";
			developmentRegion = en;
			hasScannedForEncodings = 0;
			knownRegions = (
				en,
				Base,
			);
			mainGroup = F513497A2C2EA01D006FE6AE;
			productRefGroup = F51349842C2EA01D006FE6AE /* Products */;
			projectDirPath = "";
			projectRoot = "";
			targets = (
				F51349822C2EA01D006FE6AE /* TestTask */,
				F51349922C2EA01E006FE6AE /* TestTaskTests */,
				F513499C2C2EA01E006FE6AE /* TestTaskUITests */,
			);
		};
/* End PBXProject section */

/* Begin PBXResourcesBuildPhase section */
		F51349812C2EA01D006FE6AE /* Resources */ = {
			isa = PBXResourcesBuildPhase;
			buildActionMask = 2147483647;
			files = (
				F513498E2C2EA01E006FE6AE /* Preview Assets.xcassets in Resources */,
				F513498B2C2EA01E006FE6AE /* Assets.xcassets in Resources */,
			);
			runOnlyForDeploymentPostprocessing = 0;
		};
		F51349912C2EA01E006FE6AE /* Resources */ = {
			isa = PBXResourcesBuildPhase;
			buildActionMask = 2147483647;
			files = (
			);
			runOnlyForDeploymentPostprocessing = 0;
		};
		F513499B2C2EA01E006FE6AE /* Resources */ = {
			isa = PBXResourcesBuildPhase;
			buildActionMask = 2147483647;
			files = (
			);
			runOnlyForDeploymentPostprocessing = 0;
		};
/* End PBXResourcesBuildPhase section */

/* Begin PBXSourcesBuildPhase section */
		F513497F2C2EA01D006FE6AE /* Sources */ = {
			isa = PBXSourcesBuildPhase;
			buildActionMask = 2147483647;
			files = (
				F51349B12C2EA03D006FE6AE /* FlightListViewModel.swift in Sources */,
				F51349BC2C2EBEFD006FE6AE /* FlightsService.swift in Sources */,
				F51349B42C2EB994006FE6AE /* SimpleTextView.swift in Sources */,
				F51349B82C2EBD1B006FE6AE /* L10n.swift in Sources */,
				F5D703832C34AFCF005D9BDB /* FlightListViewContainer.swift in Sources */,
				F51349892C2EA01D006FE6AE /* FlightListView.swift in Sources */,
				F51349872C2EA01D006FE6AE /* TestTaskApp.swift in Sources */,
				F51349BE2C2EBF1D006FE6AE /* FlightViewModel.swift in Sources */,
				F51349C02C2EBF53006FE6AE /* FlightRowView.swift in Sources */,
				F5D703812C34AAAC005D9BDB /* FlightListViewModelWrapper.swift in Sources */,
				F51349B62C2EBAA4006FE6AE /* SimpleButton.swift in Sources */,
				F51349BA2C2EBE5E006FE6AE /* Flight.swift in Sources */,
			);
			runOnlyForDeploymentPostprocessing = 0;
		};
		F513498F2C2EA01E006FE6AE /* Sources */ = {
			isa = PBXSourcesBuildPhase;
			buildActionMask = 2147483647;
			files = (
				F5D703872C34C2BC005D9BDB /* FlightListViewModelTests.swift in Sources */,
				F51349982C2EA01E006FE6AE /* TestTaskTests.swift in Sources */,
				F5D703892C3547BF005D9BDB /* FlightListViewModelWrapperTests.swift in Sources */,
				F5D703852C34C21E005D9BDB /* MockFlightsService.swift in Sources */,
			);
			runOnlyForDeploymentPostprocessing = 0;
		};
		F51349992C2EA01E006FE6AE /* Sources */ = {
			isa = PBXSourcesBuildPhase;
			buildActionMask = 2147483647;
			files = (
				F51349A42C2EA01E006FE6AE /* TestTaskUITestsLaunchTests.swift in Sources */,
				F51349A22C2EA01E006FE6AE /* TestTaskUITests.swift in Sources */,
			);
			runOnlyForDeploymentPostprocessing = 0;
		};
/* End PBXSourcesBuildPhase section */

/* Begin PBXTargetDependency section */
		F51349952C2EA01E006FE6AE /* PBXTargetDependency */ = {
			isa = PBXTargetDependency;
			target = F51349822C2EA01D006FE6AE /* TestTask */;
			targetProxy = F51349942C2EA01E006FE6AE /* PBXContainerItemProxy */;
		};
		F513499F2C2EA01E006FE6AE /* PBXTargetDependency */ = {
			isa = PBXTargetDependency;
			target = F51349822C2EA01D006FE6AE /* TestTask */;
			targetProxy = F513499E2C2EA01E006FE6AE /* PBXContainerItemProxy */;
		};
/* End PBXTargetDependency section */

/* Begin XCBuildConfiguration section */
		F51349A52C2EA01E006FE6AE /* Debug */ = {
			isa = XCBuildConfiguration;
			buildSettings = {
				ALWAYS_SEARCH_USER_PATHS = NO;
				ASSETCATALOG_COMPILER_GENERATE_SWIFT_ASSET_SYMBOL_EXTENSIONS = YES;
				CLANG_ANALYZER_NONNULL = YES;
				CLANG_ANALYZER_NUMBER_OBJECT_CONVERSION = YES_AGGRESSIVE;
				CLANG_CXX_LANGUAGE_STANDARD = "gnu++20";
				CLANG_ENABLE_MODULES = YES;
				CLANG_ENABLE_OBJC_ARC = YES;
				CLANG_ENABLE_OBJC_WEAK = YES;
				CLANG_WARN_BLOCK_CAPTURE_AUTORELEASING = YES;
				CLANG_WARN_BOOL_CONVERSION = YES;
				CLANG_WARN_COMMA = YES;
				CLANG_WARN_CONSTANT_CONVERSION = YES;
				CLANG_WARN_DEPRECATED_OBJC_IMPLEMENTATIONS = YES;
				CLANG_WARN_DIRECT_OBJC_ISA_USAGE = YES_ERROR;
				CLANG_WARN_DOCUMENTATION_COMMENTS = YES;
				CLANG_WARN_EMPTY_BODY = YES;
				CLANG_WARN_ENUM_CONVERSION = YES;
				CLANG_WARN_INFINITE_RECURSION = YES;
				CLANG_WARN_INT_CONVERSION = YES;
				CLANG_WARN_NON_LITERAL_NULL_CONVERSION = YES;
				CLANG_WARN_OBJC_IMPLICIT_RETAIN_SELF = YES;
				CLANG_WARN_OBJC_LITERAL_CONVERSION = YES;
				CLANG_WARN_OBJC_ROOT_CLASS = YES_ERROR;
				CLANG_WARN_QUOTED_INCLUDE_IN_FRAMEWORK_HEADER = YES;
				CLANG_WARN_RANGE_LOOP_ANALYSIS = YES;
				CLANG_WARN_STRICT_PROTOTYPES = YES;
				CLANG_WARN_SUSPICIOUS_MOVE = YES;
				CLANG_WARN_UNGUARDED_AVAILABILITY = YES_AGGRESSIVE;
				CLANG_WARN_UNREACHABLE_CODE = YES;
				CLANG_WARN__DUPLICATE_METHOD_MATCH = YES;
				COPY_PHASE_STRIP = NO;
				DEBUG_INFORMATION_FORMAT = dwarf;
				ENABLE_STRICT_OBJC_MSGSEND = YES;
				ENABLE_TESTABILITY = YES;
				ENABLE_USER_SCRIPT_SANDBOXING = YES;
				GCC_C_LANGUAGE_STANDARD = gnu17;
				GCC_DYNAMIC_NO_PIC = NO;
				GCC_NO_COMMON_BLOCKS = YES;
				GCC_OPTIMIZATION_LEVEL = 0;
				GCC_PREPROCESSOR_DEFINITIONS = (
					"DEBUG=1",
					"$(inherited)",
				);
				GCC_WARN_64_TO_32_BIT_CONVERSION = YES;
				GCC_WARN_ABOUT_RETURN_TYPE = YES_ERROR;
				GCC_WARN_UNDECLARED_SELECTOR = YES;
				GCC_WARN_UNINITIALIZED_AUTOS = YES_AGGRESSIVE;
				GCC_WARN_UNUSED_FUNCTION = YES;
				GCC_WARN_UNUSED_VARIABLE = YES;
				IPHONEOS_DEPLOYMENT_TARGET = 17.5;
				LOCALIZATION_PREFERS_STRING_CATALOGS = YES;
				MTL_ENABLE_DEBUG_INFO = INCLUDE_SOURCE;
				MTL_FAST_MATH = YES;
				ONLY_ACTIVE_ARCH = YES;
				SDKROOT = iphoneos;
				SWIFT_ACTIVE_COMPILATION_CONDITIONS = "DEBUG $(inherited)";
				SWIFT_OPTIMIZATION_LEVEL = "-Onone";
			};
			name = Debug;
		};
		F51349A62C2EA01E006FE6AE /* Release */ = {
			isa = XCBuildConfiguration;
			buildSettings = {
				ALWAYS_SEARCH_USER_PATHS = NO;
				ASSETCATALOG_COMPILER_GENERATE_SWIFT_ASSET_SYMBOL_EXTENSIONS = YES;
				CLANG_ANALYZER_NONNULL = YES;
				CLANG_ANALYZER_NUMBER_OBJECT_CONVERSION = YES_AGGRESSIVE;
				CLANG_CXX_LANGUAGE_STANDARD = "gnu++20";
				CLANG_ENABLE_MODULES = YES;
				CLANG_ENABLE_OBJC_ARC = YES;
				CLANG_ENABLE_OBJC_WEAK = YES;
				CLANG_WARN_BLOCK_CAPTURE_AUTORELEASING = YES;
				CLANG_WARN_BOOL_CONVERSION = YES;
				CLANG_WARN_COMMA = YES;
				CLANG_WARN_CONSTANT_CONVERSION = YES;
				CLANG_WARN_DEPRECATED_OBJC_IMPLEMENTATIONS = YES;
				CLANG_WARN_DIRECT_OBJC_ISA_USAGE = YES_ERROR;
				CLANG_WARN_DOCUMENTATION_COMMENTS = YES;
				CLANG_WARN_EMPTY_BODY = YES;
				CLANG_WARN_ENUM_CONVERSION = YES;
				CLANG_WARN_INFINITE_RECURSION = YES;
				CLANG_WARN_INT_CONVERSION = YES;
				CLANG_WARN_NON_LITERAL_NULL_CONVERSION = YES;
				CLANG_WARN_OBJC_IMPLICIT_RETAIN_SELF = YES;
				CLANG_WARN_OBJC_LITERAL_CONVERSION = YES;
				CLANG_WARN_OBJC_ROOT_CLASS = YES_ERROR;
				CLANG_WARN_QUOTED_INCLUDE_IN_FRAMEWORK_HEADER = YES;
				CLANG_WARN_RANGE_LOOP_ANALYSIS = YES;
				CLANG_WARN_STRICT_PROTOTYPES = YES;
				CLANG_WARN_SUSPICIOUS_MOVE = YES;
				CLANG_WARN_UNGUARDED_AVAILABILITY = YES_AGGRESSIVE;
				CLANG_WARN_UNREACHABLE_CODE = YES;
				CLANG_WARN__DUPLICATE_METHOD_MATCH = YES;
				COPY_PHASE_STRIP = NO;
				DEBUG_INFORMATION_FORMAT = "dwarf-with-dsym";
				ENABLE_NS_ASSERTIONS = NO;
				ENABLE_STRICT_OBJC_MSGSEND = YES;
				ENABLE_USER_SCRIPT_SANDBOXING = YES;
				GCC_C_LANGUAGE_STANDARD = gnu17;
				GCC_NO_COMMON_BLOCKS = YES;
				GCC_WARN_64_TO_32_BIT_CONVERSION = YES;
				GCC_WARN_ABOUT_RETURN_TYPE = YES_ERROR;
				GCC_WARN_UNDECLARED_SELECTOR = YES;
				GCC_WARN_UNINITIALIZED_AUTOS = YES_AGGRESSIVE;
				GCC_WARN_UNUSED_FUNCTION = YES;
				GCC_WARN_UNUSED_VARIABLE = YES;
				IPHONEOS_DEPLOYMENT_TARGET = 17.5;
				LOCALIZATION_PREFERS_STRING_CATALOGS = YES;
				MTL_ENABLE_DEBUG_INFO = NO;
				MTL_FAST_MATH = YES;
				SDKROOT = iphoneos;
				SWIFT_COMPILATION_MODE = wholemodule;
				VALIDATE_PRODUCT = YES;
			};
			name = Release;
		};
		F51349A82C2EA01E006FE6AE /* Debug */ = {
			isa = XCBuildConfiguration;
			buildSettings = {
				ASSETCATALOG_COMPILER_APPICON_NAME = AppIcon;
				ASSETCATALOG_COMPILER_GLOBAL_ACCENT_COLOR_NAME = AccentColor;
				CODE_SIGN_STYLE = Automatic;
				CURRENT_PROJECT_VERSION = 1;
				DEVELOPMENT_ASSET_PATHS = "\"TestTask/Preview Content\"";
				ENABLE_PREVIEWS = YES;
				GENERATE_INFOPLIST_FILE = YES;
				INFOPLIST_KEY_UIApplicationSceneManifest_Generation = YES;
				INFOPLIST_KEY_UIApplicationSupportsIndirectInputEvents = YES;
				INFOPLIST_KEY_UILaunchScreen_Generation = YES;
				INFOPLIST_KEY_UISupportedInterfaceOrientations_iPad = "UIInterfaceOrientationPortrait UIInterfaceOrientationPortraitUpsideDown UIInterfaceOrientationLandscapeLeft UIInterfaceOrientationLandscapeRight";
				INFOPLIST_KEY_UISupportedInterfaceOrientations_iPhone = "UIInterfaceOrientationPortrait UIInterfaceOrientationLandscapeLeft UIInterfaceOrientationLandscapeRight";
				LD_RUNPATH_SEARCH_PATHS = (
					"$(inherited)",
					"@executable_path/Frameworks",
				);
				MARKETING_VERSION = 1.0;
				PRODUCT_BUNDLE_IDENTIFIER = andrios.TestTask;
				PRODUCT_NAME = "$(TARGET_NAME)";
				SWIFT_EMIT_LOC_STRINGS = YES;
				SWIFT_VERSION = 5.0;
				TARGETED_DEVICE_FAMILY = "1,2";
			};
			name = Debug;
		};
		F51349A92C2EA01E006FE6AE /* Release */ = {
			isa = XCBuildConfiguration;
			buildSettings = {
				ASSETCATALOG_COMPILER_APPICON_NAME = AppIcon;
				ASSETCATALOG_COMPILER_GLOBAL_ACCENT_COLOR_NAME = AccentColor;
				CODE_SIGN_STYLE = Automatic;
				CURRENT_PROJECT_VERSION = 1;
				DEVELOPMENT_ASSET_PATHS = "\"TestTask/Preview Content\"";
				ENABLE_PREVIEWS = YES;
				GENERATE_INFOPLIST_FILE = YES;
				INFOPLIST_KEY_UIApplicationSceneManifest_Generation = YES;
				INFOPLIST_KEY_UIApplicationSupportsIndirectInputEvents = YES;
				INFOPLIST_KEY_UILaunchScreen_Generation = YES;
				INFOPLIST_KEY_UISupportedInterfaceOrientations_iPad = "UIInterfaceOrientationPortrait UIInterfaceOrientationPortraitUpsideDown UIInterfaceOrientationLandscapeLeft UIInterfaceOrientationLandscapeRight";
				INFOPLIST_KEY_UISupportedInterfaceOrientations_iPhone = "UIInterfaceOrientationPortrait UIInterfaceOrientationLandscapeLeft UIInterfaceOrientationLandscapeRight";
				LD_RUNPATH_SEARCH_PATHS = (
					"$(inherited)",
					"@executable_path/Frameworks",
				);
				MARKETING_VERSION = 1.0;
				PRODUCT_BUNDLE_IDENTIFIER = andrios.TestTask;
				PRODUCT_NAME = "$(TARGET_NAME)";
				SWIFT_EMIT_LOC_STRINGS = YES;
				SWIFT_VERSION = 5.0;
				TARGETED_DEVICE_FAMILY = "1,2";
			};
			name = Release;
		};
		F51349AB2C2EA01E006FE6AE /* Debug */ = {
			isa = XCBuildConfiguration;
			buildSettings = {
				ALWAYS_EMBED_SWIFT_STANDARD_LIBRARIES = YES;
				BUNDLE_LOADER = "$(TEST_HOST)";
				CODE_SIGN_STYLE = Automatic;
				CURRENT_PROJECT_VERSION = 1;
				GENERATE_INFOPLIST_FILE = YES;
				IPHONEOS_DEPLOYMENT_TARGET = 17.5;
				MARKETING_VERSION = 1.0;
				PRODUCT_BUNDLE_IDENTIFIER = andrios.TestTaskTests;
				PRODUCT_NAME = "$(TARGET_NAME)";
				SWIFT_EMIT_LOC_STRINGS = NO;
				SWIFT_VERSION = 5.0;
				TARGETED_DEVICE_FAMILY = "1,2";
				TEST_HOST = "$(BUILT_PRODUCTS_DIR)/TestTask.app/$(BUNDLE_EXECUTABLE_FOLDER_PATH)/TestTask";
			};
			name = Debug;
		};
		F51349AC2C2EA01E006FE6AE /* Release */ = {
			isa = XCBuildConfiguration;
			buildSettings = {
				ALWAYS_EMBED_SWIFT_STANDARD_LIBRARIES = YES;
				BUNDLE_LOADER = "$(TEST_HOST)";
				CODE_SIGN_STYLE = Automatic;
				CURRENT_PROJECT_VERSION = 1;
				GENERATE_INFOPLIST_FILE = YES;
				IPHONEOS_DEPLOYMENT_TARGET = 17.5;
				MARKETING_VERSION = 1.0;
				PRODUCT_BUNDLE_IDENTIFIER = andrios.TestTaskTests;
				PRODUCT_NAME = "$(TARGET_NAME)";
				SWIFT_EMIT_LOC_STRINGS = NO;
				SWIFT_VERSION = 5.0;
				TARGETED_DEVICE_FAMILY = "1,2";
				TEST_HOST = "$(BUILT_PRODUCTS_DIR)/TestTask.app/$(BUNDLE_EXECUTABLE_FOLDER_PATH)/TestTask";
			};
			name = Release;
		};
		F51349AE2C2EA01E006FE6AE /* Debug */ = {
			isa = XCBuildConfiguration;
			buildSettings = {
				ALWAYS_EMBED_SWIFT_STANDARD_LIBRARIES = YES;
				CODE_SIGN_STYLE = Automatic;
				CURRENT_PROJECT_VERSION = 1;
				GENERATE_INFOPLIST_FILE = YES;
				MARKETING_VERSION = 1.0;
				PRODUCT_BUNDLE_IDENTIFIER = andrios.TestTaskUITests;
				PRODUCT_NAME = "$(TARGET_NAME)";
				SWIFT_EMIT_LOC_STRINGS = NO;
				SWIFT_VERSION = 5.0;
				TARGETED_DEVICE_FAMILY = "1,2";
				TEST_TARGET_NAME = TestTask;
			};
			name = Debug;
		};
		F51349AF2C2EA01E006FE6AE /* Release */ = {
			isa = XCBuildConfiguration;
			buildSettings = {
				ALWAYS_EMBED_SWIFT_STANDARD_LIBRARIES = YES;
				CODE_SIGN_STYLE = Automatic;
				CURRENT_PROJECT_VERSION = 1;
				GENERATE_INFOPLIST_FILE = YES;
				MARKETING_VERSION = 1.0;
				PRODUCT_BUNDLE_IDENTIFIER = andrios.TestTaskUITests;
				PRODUCT_NAME = "$(TARGET_NAME)";
				SWIFT_EMIT_LOC_STRINGS = NO;
				SWIFT_VERSION = 5.0;
				TARGETED_DEVICE_FAMILY = "1,2";
				TEST_TARGET_NAME = TestTask;
			};
			name = Release;
		};
/* End XCBuildConfiguration section */

/* Begin XCConfigurationList section */
		F513497E2C2EA01D006FE6AE /* Build configuration list for PBXProject "TestTask" */ = {
			isa = XCConfigurationList;
			buildConfigurations = (
				F51349A52C2EA01E006FE6AE /* Debug */,
				F51349A62C2EA01E006FE6AE /* Release */,
			);
			defaultConfigurationIsVisible = 0;
			defaultConfigurationName = Release;
		};
		F51349A72C2EA01E006FE6AE /* Build configuration list for PBXNativeTarget "TestTask" */ = {
			isa = XCConfigurationList;
			buildConfigurations = (
				F51349A82C2EA01E006FE6AE /* Debug */,
				F51349A92C2EA01E006FE6AE /* Release */,
			);
			defaultConfigurationIsVisible = 0;
			defaultConfigurationName = Release;
		};
		F51349AA2C2EA01E006FE6AE /* Build configuration list for PBXNativeTarget "TestTaskTests" */ = {
			isa = XCConfigurationList;
			buildConfigurations = (
				F51349AB2C2EA01E006FE6AE /* Debug */,
				F51349AC2C2EA01E006FE6AE /* Release */,
			);
			defaultConfigurationIsVisible = 0;
			defaultConfigurationName = Release;
		};
		F51349AD2C2EA01E006FE6AE /* Build configuration list for PBXNativeTarget "TestTaskUITests" */ = {
			isa = XCConfigurationList;
			buildConfigurations = (
				F51349AE2C2EA01E006FE6AE /* Debug */,
				F51349AF2C2EA01E006FE6AE /* Release */,
			);
			defaultConfigurationIsVisible = 0;
			defaultConfigurationName = Release;
		};
/* End XCConfigurationList section */
	};
	rootObject = F513497B2C2EA01D006FE6AE /* Project object */;
}
